
Microsoft Visual Studio Solution File, Format Version 12.00
# Visual Studio Version 17
VisualStudioVersion = 17.9.34607.119
MinimumVisualStudioVersion = 10.0.40219.1
Project("{9A19103F-16F7-4668-BE54-9A1E7A4F7556}") = "Day1", "AdventOfCode2024\Day1.csproj", "{DD2CC5F0-ACF8-43A9-893E-8A1C9FCA197B}"
EndProject
Project("{9A19103F-16F7-4668-BE54-9A1E7A4F7556}") = "AdventOfCode.Tests", "AdventOfCode.Tests\AdventOfCode.Tests.csproj", "{63CB321C-E035-4368-BD5C-2EA262708750}"
EndProject
Project("{FAE04EC0-301F-11D3-BF4B-00C04F79EFBC}") = "Day2", "Day2\Day2.csproj", "{757F1F4C-D297-4F58-82B5-CF73F2A1FF4B}"
EndProject
Global
	GlobalSection(SolutionConfigurationPlatforms) = preSolution
		Debug|Any CPU = Debug|Any CPU
		Release|Any CPU = Release|Any CPU
	EndGlobalSection
	GlobalSection(ProjectConfigurationPlatforms) = postSolution
		{DD2CC5F0-ACF8-43A9-893E-8A1C9FCA197B}.Debug|Any CPU.ActiveCfg = Debug|Any CPU
		{DD2CC5F0-ACF8-43A9-893E-8A1C9FCA197B}.Debug|Any CPU.Build.0 = Debug|Any CPU
		{DD2CC5F0-ACF8-43A9-893E-8A1C9FCA197B}.Release|Any CPU.ActiveCfg = Release|Any CPU
		{DD2CC5F0-ACF8-43A9-893E-8A1C9FCA197B}.Release|Any CPU.Build.0 = Release|Any CPU
		{63CB321C-E035-4368-BD5C-2EA262708750}.Debug|Any CPU.ActiveCfg = Debug|Any CPU
		{63CB321C-E035-4368-BD5C-2EA262708750}.Debug|Any CPU.Build.0 = Debug|Any CPU
		{63CB321C-E035-4368-BD5C-2EA262708750}.Release|Any CPU.ActiveCfg = Release|Any CPU
		{63CB321C-E035-4368-BD5C-2EA262708750}.Release|Any CPU.Build.0 = Release|Any CPU
		{757F1F4C-D297-4F58-82B5-CF73F2A1FF4B}.Debug|Any CPU.ActiveCfg = Debug|Any CPU
		{757F1F4C-D297-4F58-82B5-CF73F2A1FF4B}.Debug|Any CPU.Build.0 = Debug|Any CPU
		{757F1F4C-D297-4F58-82B5-CF73F2A1FF4B}.Release|Any CPU.ActiveCfg = Release|Any CPU
		{757F1F4C-D297-4F58-82B5-CF73F2A1FF4B}.Release|Any CPU.Build.0 = Release|Any CPU
	EndGlobalSection
	GlobalSection(SolutionProperties) = preSolution
		HideSolutionNode = FALSE
	EndGlobalSection
	GlobalSection(ExtensibilityGlobals) = postSolution
		SolutionGuid = {CDD8BE6E-0D45-48F2-965A-340BEB1A9DEC}
	EndGlobalSection
EndGlobal
